
Microsoft Visual Studio Solution File, Format Version 12.00
# Visual Studio Version 16
VisualStudioVersion = 16.0.30320.27
MinimumVisualStudioVersion = 10.0.40219.1
Project("{FAE04EC0-301F-11D3-BF4B-00C04F79EFBC}") = "StickFigure", "StickFigure.csproj", "{A35276FB-6879-440E-8878-18A32AD4BB2C}"
EndProject
Global
	GlobalSection(SolutionConfigurationPlatforms) = preSolution
		Debug|Any CPU = Debug|Any CPU
		Release|Any CPU = Release|Any CPU
	EndGlobalSection
	GlobalSection(ProjectConfigurationPlatforms) = postSolution
		{A35276FB-6879-440E-8878-18A32AD4BB2C}.Debug|Any CPU.ActiveCfg = Debug|Any CPU
		{A35276FB-6879-440E-8878-18A32AD4BB2C}.Debug|Any CPU.Build.0 = Debug|Any CPU
		{A35276FB-6879-440E-8878-18A32AD4BB2C}.Release|Any CPU.ActiveCfg = Release|Any CPU
		{A35276FB-6879-440E-8878-18A32AD4BB2C}.Release|Any CPU.Build.0 = Release|Any CPU
	EndGlobalSection
	GlobalSection(SolutionProperties) = preSolution
		HideSolutionNode = FALSE
	EndGlobalSection
	GlobalSection(ExtensibilityGlobals) = postSolution
		SolutionGuid = {980CEB5A-3BA2-4688-8F09-45CCAA00B7CA}
	EndGlobalSection
EndGlobal
