
Microsoft Visual Studio Solution File, Format Version 12.00
# Visual Studio Version 16
VisualStudioVersion = 16.0.30320.27
MinimumVisualStudioVersion = 10.0.40219.1
Project("{FAE04EC0-301F-11D3-BF4B-00C04F79EFBC}") = "HelloWorld", "HelloWorld.csproj", "{68DEB3BA-42FF-44B1-830D-F0FA8C9178E8}"
EndProject
Global
	GlobalSection(SolutionConfigurationPlatforms) = preSolution
		Debug|Any CPU = Debug|Any CPU
		Release|Any CPU = Release|Any CPU
	EndGlobalSection
	GlobalSection(ProjectConfigurationPlatforms) = postSolution
		{68DEB3BA-42FF-44B1-830D-F0FA8C9178E8}.Debug|Any CPU.ActiveCfg = Debug|Any CPU
		{68DEB3BA-42FF-44B1-830D-F0FA8C9178E8}.Debug|Any CPU.Build.0 = Debug|Any CPU
		{68DEB3BA-42FF-44B1-830D-F0FA8C9178E8}.Release|Any CPU.ActiveCfg = Release|Any CPU
		{68DEB3BA-42FF-44B1-830D-F0FA8C9178E8}.Release|Any CPU.Build.0 = Release|Any CPU
	EndGlobalSection
	GlobalSection(SolutionProperties) = preSolution
		HideSolutionNode = FALSE
	EndGlobalSection
	GlobalSection(ExtensibilityGlobals) = postSolution
		SolutionGuid = {93B7D10B-6E03-4335-96A0-9BDAA6BFAF71}
	EndGlobalSection
EndGlobal
