
Microsoft Visual Studio Solution File, Format Version 12.00
# Visual Studio Version 16
VisualStudioVersion = 16.0.30611.23
MinimumVisualStudioVersion = 10.0.40219.1
Project("{FAE04EC0-301F-11D3-BF4B-00C04F79EFBC}") = "Example_1", "Example_1\Example_1.csproj", "{78FB694B-2340-41FB-A845-B15CB7265437}"
EndProject
Project("{FAE04EC0-301F-11D3-BF4B-00C04F79EFBC}") = "Example2", "Example2\Example2.csproj", "{13BFAEFC-BC84-4E5B-B3CB-9246A6B4E09F}"
EndProject
Project("{FAE04EC0-301F-11D3-BF4B-00C04F79EFBC}") = "Example_3", "Example_3\Example_3.csproj", "{6BC8E22C-0377-4719-BFDC-20FB4AC6C8DB}"
EndProject
Project("{FAE04EC0-301F-11D3-BF4B-00C04F79EFBC}") = "Example_4", "Example_4\Example_4.csproj", "{4D7D4A02-A4CE-4014-A845-5C3A11AB0ECA}"
EndProject
Project("{FAE04EC0-301F-11D3-BF4B-00C04F79EFBC}") = "Example5", "Example5\Example5.csproj", "{876810B0-713F-4CC7-AAD5-3FEB9D5A3D09}"
EndProject
Global
	GlobalSection(SolutionConfigurationPlatforms) = preSolution
		Debug|Any CPU = Debug|Any CPU
		Release|Any CPU = Release|Any CPU
	EndGlobalSection
	GlobalSection(ProjectConfigurationPlatforms) = postSolution
		{78FB694B-2340-41FB-A845-B15CB7265437}.Debug|Any CPU.ActiveCfg = Debug|Any CPU
		{78FB694B-2340-41FB-A845-B15CB7265437}.Debug|Any CPU.Build.0 = Debug|Any CPU
		{78FB694B-2340-41FB-A845-B15CB7265437}.Release|Any CPU.ActiveCfg = Release|Any CPU
		{78FB694B-2340-41FB-A845-B15CB7265437}.Release|Any CPU.Build.0 = Release|Any CPU
		{13BFAEFC-BC84-4E5B-B3CB-9246A6B4E09F}.Debug|Any CPU.ActiveCfg = Debug|Any CPU
		{13BFAEFC-BC84-4E5B-B3CB-9246A6B4E09F}.Debug|Any CPU.Build.0 = Debug|Any CPU
		{13BFAEFC-BC84-4E5B-B3CB-9246A6B4E09F}.Release|Any CPU.ActiveCfg = Release|Any CPU
		{13BFAEFC-BC84-4E5B-B3CB-9246A6B4E09F}.Release|Any CPU.Build.0 = Release|Any CPU
		{6BC8E22C-0377-4719-BFDC-20FB4AC6C8DB}.Debug|Any CPU.ActiveCfg = Debug|Any CPU
		{6BC8E22C-0377-4719-BFDC-20FB4AC6C8DB}.Debug|Any CPU.Build.0 = Debug|Any CPU
		{6BC8E22C-0377-4719-BFDC-20FB4AC6C8DB}.Release|Any CPU.ActiveCfg = Release|Any CPU
		{6BC8E22C-0377-4719-BFDC-20FB4AC6C8DB}.Release|Any CPU.Build.0 = Release|Any CPU
		{4D7D4A02-A4CE-4014-A845-5C3A11AB0ECA}.Debug|Any CPU.ActiveCfg = Debug|Any CPU
		{4D7D4A02-A4CE-4014-A845-5C3A11AB0ECA}.Debug|Any CPU.Build.0 = Debug|Any CPU
		{4D7D4A02-A4CE-4014-A845-5C3A11AB0ECA}.Release|Any CPU.ActiveCfg = Release|Any CPU
		{4D7D4A02-A4CE-4014-A845-5C3A11AB0ECA}.Release|Any CPU.Build.0 = Release|Any CPU
		{876810B0-713F-4CC7-AAD5-3FEB9D5A3D09}.Debug|Any CPU.ActiveCfg = Debug|Any CPU
		{876810B0-713F-4CC7-AAD5-3FEB9D5A3D09}.Debug|Any CPU.Build.0 = Debug|Any CPU
		{876810B0-713F-4CC7-AAD5-3FEB9D5A3D09}.Release|Any CPU.ActiveCfg = Release|Any CPU
		{876810B0-713F-4CC7-AAD5-3FEB9D5A3D09}.Release|Any CPU.Build.0 = Release|Any CPU
	EndGlobalSection
	GlobalSection(SolutionProperties) = preSolution
		HideSolutionNode = FALSE
	EndGlobalSection
	GlobalSection(ExtensibilityGlobals) = postSolution
		SolutionGuid = {F188D948-E712-4673-858A-86BB833E36E6}
	EndGlobalSection
EndGlobal
