
Microsoft Visual Studio Solution File, Format Version 12.00
# Visual Studio Version 16
VisualStudioVersion = 16.0.30320.27
MinimumVisualStudioVersion = 10.0.40219.1
Project("{FAE04EC0-301F-11D3-BF4B-00C04F79EFBC}") = "StudentApp", "StudentApp.csproj", "{A8B7C696-23F0-48B5-A4CE-FDCAC5765D63}"
EndProject
Global
	GlobalSection(SolutionConfigurationPlatforms) = preSolution
		Debug|Any CPU = Debug|Any CPU
		Release|Any CPU = Release|Any CPU
	EndGlobalSection
	GlobalSection(ProjectConfigurationPlatforms) = postSolution
		{A8B7C696-23F0-48B5-A4CE-FDCAC5765D63}.Debug|Any CPU.ActiveCfg = Debug|Any CPU
		{A8B7C696-23F0-48B5-A4CE-FDCAC5765D63}.Debug|Any CPU.Build.0 = Debug|Any CPU
		{A8B7C696-23F0-48B5-A4CE-FDCAC5765D63}.Release|Any CPU.ActiveCfg = Release|Any CPU
		{A8B7C696-23F0-48B5-A4CE-FDCAC5765D63}.Release|Any CPU.Build.0 = Release|Any CPU
	EndGlobalSection
	GlobalSection(SolutionProperties) = preSolution
		HideSolutionNode = FALSE
	EndGlobalSection
	GlobalSection(ExtensibilityGlobals) = postSolution
		SolutionGuid = {F58C81AA-9985-4ACA-9296-70B6F0F89EBB}
	EndGlobalSection
EndGlobal
