
Microsoft Visual Studio Solution File, Format Version 12.00
# Visual Studio Version 16
VisualStudioVersion = 16.0.30621.155
MinimumVisualStudioVersion = 10.0.40219.1
Project("{FAE04EC0-301F-11D3-BF4B-00C04F79EFBC}") = "PE4", "PE4.csproj", "{64A31C61-A496-42AA-BF84-6E8D7378A6DC}"
EndProject
Global
	GlobalSection(SolutionConfigurationPlatforms) = preSolution
		Debug|Any CPU = Debug|Any CPU
		Release|Any CPU = Release|Any CPU
	EndGlobalSection
	GlobalSection(ProjectConfigurationPlatforms) = postSolution
		{64A31C61-A496-42AA-BF84-6E8D7378A6DC}.Debug|Any CPU.ActiveCfg = Debug|Any CPU
		{64A31C61-A496-42AA-BF84-6E8D7378A6DC}.Debug|Any CPU.Build.0 = Debug|Any CPU
		{64A31C61-A496-42AA-BF84-6E8D7378A6DC}.Release|Any CPU.ActiveCfg = Release|Any CPU
		{64A31C61-A496-42AA-BF84-6E8D7378A6DC}.Release|Any CPU.Build.0 = Release|Any CPU
	EndGlobalSection
	GlobalSection(SolutionProperties) = preSolution
		HideSolutionNode = FALSE
	EndGlobalSection
	GlobalSection(ExtensibilityGlobals) = postSolution
		SolutionGuid = {094CCC14-6E14-49EE-AE2F-D45930D93A2E}
	EndGlobalSection
EndGlobal
