
Microsoft Visual Studio Solution File, Format Version 12.00
# Visual Studio Version 16
VisualStudioVersion = 16.0.30503.244
MinimumVisualStudioVersion = 10.0.40219.1
Project("{FAE04EC0-301F-11D3-BF4B-00C04F79EFBC}") = "SummedValues", "SummedValues\SummedValues.csproj", "{534D7521-1F9D-4D00-8067-655A5DC22242}"
EndProject
Project("{FAE04EC0-301F-11D3-BF4B-00C04F79EFBC}") = "SquareValues", "SquiareValues\SquareValues.csproj", "{2F4A2ED9-7D37-4548-BC37-0F0CC6B7963F}"
EndProject
Project("{FAE04EC0-301F-11D3-BF4B-00C04F79EFBC}") = "NFactorial", "NFactorial\NFactorial.csproj", "{AE3591E2-8853-4859-AC8A-3ED5199C3CAE}"
EndProject
Global
	GlobalSection(SolutionConfigurationPlatforms) = preSolution
		Debug|Any CPU = Debug|Any CPU
		Release|Any CPU = Release|Any CPU
	EndGlobalSection
	GlobalSection(ProjectConfigurationPlatforms) = postSolution
		{534D7521-1F9D-4D00-8067-655A5DC22242}.Debug|Any CPU.ActiveCfg = Debug|Any CPU
		{534D7521-1F9D-4D00-8067-655A5DC22242}.Debug|Any CPU.Build.0 = Debug|Any CPU
		{534D7521-1F9D-4D00-8067-655A5DC22242}.Release|Any CPU.ActiveCfg = Release|Any CPU
		{534D7521-1F9D-4D00-8067-655A5DC22242}.Release|Any CPU.Build.0 = Release|Any CPU
		{2F4A2ED9-7D37-4548-BC37-0F0CC6B7963F}.Debug|Any CPU.ActiveCfg = Debug|Any CPU
		{2F4A2ED9-7D37-4548-BC37-0F0CC6B7963F}.Debug|Any CPU.Build.0 = Debug|Any CPU
		{2F4A2ED9-7D37-4548-BC37-0F0CC6B7963F}.Release|Any CPU.ActiveCfg = Release|Any CPU
		{2F4A2ED9-7D37-4548-BC37-0F0CC6B7963F}.Release|Any CPU.Build.0 = Release|Any CPU
		{AE3591E2-8853-4859-AC8A-3ED5199C3CAE}.Debug|Any CPU.ActiveCfg = Debug|Any CPU
		{AE3591E2-8853-4859-AC8A-3ED5199C3CAE}.Debug|Any CPU.Build.0 = Debug|Any CPU
		{AE3591E2-8853-4859-AC8A-3ED5199C3CAE}.Release|Any CPU.ActiveCfg = Release|Any CPU
		{AE3591E2-8853-4859-AC8A-3ED5199C3CAE}.Release|Any CPU.Build.0 = Release|Any CPU
	EndGlobalSection
	GlobalSection(SolutionProperties) = preSolution
		HideSolutionNode = FALSE
	EndGlobalSection
	GlobalSection(ExtensibilityGlobals) = postSolution
		SolutionGuid = {FF7F6A43-72E8-459F-BF0F-FD0DCFA1E1D7}
	EndGlobalSection
EndGlobal
