
Microsoft Visual Studio Solution File, Format Version 12.00
# Visual Studio Version 16
VisualStudioVersion = 16.0.30503.244
MinimumVisualStudioVersion = 10.0.40219.1
Project("{FAE04EC0-301F-11D3-BF4B-00C04F79EFBC}") = "BonusApp", "BonusApp\BonusApp.csproj", "{4A0AC636-EC76-4EF6-917D-B7EBDDC27F38}"
EndProject
Project("{FAE04EC0-301F-11D3-BF4B-00C04F79EFBC}") = "Demo1", "Demo1\Demo1.csproj", "{635A3503-9302-4A74-B028-C629CC932570}"
EndProject
Project("{FAE04EC0-301F-11D3-BF4B-00C04F79EFBC}") = "Demo2", "Demo2\Demo2.csproj", "{16133CB4-E508-4EF5-BE82-45C52C48DD29}"
EndProject
Global
	GlobalSection(SolutionConfigurationPlatforms) = preSolution
		Debug|Any CPU = Debug|Any CPU
		Release|Any CPU = Release|Any CPU
	EndGlobalSection
	GlobalSection(ProjectConfigurationPlatforms) = postSolution
		{4A0AC636-EC76-4EF6-917D-B7EBDDC27F38}.Debug|Any CPU.ActiveCfg = Debug|Any CPU
		{4A0AC636-EC76-4EF6-917D-B7EBDDC27F38}.Debug|Any CPU.Build.0 = Debug|Any CPU
		{4A0AC636-EC76-4EF6-917D-B7EBDDC27F38}.Release|Any CPU.ActiveCfg = Release|Any CPU
		{4A0AC636-EC76-4EF6-917D-B7EBDDC27F38}.Release|Any CPU.Build.0 = Release|Any CPU
		{635A3503-9302-4A74-B028-C629CC932570}.Debug|Any CPU.ActiveCfg = Debug|Any CPU
		{635A3503-9302-4A74-B028-C629CC932570}.Debug|Any CPU.Build.0 = Debug|Any CPU
		{635A3503-9302-4A74-B028-C629CC932570}.Release|Any CPU.ActiveCfg = Release|Any CPU
		{635A3503-9302-4A74-B028-C629CC932570}.Release|Any CPU.Build.0 = Release|Any CPU
		{16133CB4-E508-4EF5-BE82-45C52C48DD29}.Debug|Any CPU.ActiveCfg = Debug|Any CPU
		{16133CB4-E508-4EF5-BE82-45C52C48DD29}.Debug|Any CPU.Build.0 = Debug|Any CPU
		{16133CB4-E508-4EF5-BE82-45C52C48DD29}.Release|Any CPU.ActiveCfg = Release|Any CPU
		{16133CB4-E508-4EF5-BE82-45C52C48DD29}.Release|Any CPU.Build.0 = Release|Any CPU
	EndGlobalSection
	GlobalSection(SolutionProperties) = preSolution
		HideSolutionNode = FALSE
	EndGlobalSection
	GlobalSection(ExtensibilityGlobals) = postSolution
		SolutionGuid = {22984E13-B5C8-45B7-8E8B-3C9C33EB1863}
	EndGlobalSection
EndGlobal
